// !$*UTF8*$!
{
	archiveVersion = 1;
	classes = {
	};
	objectVersion = 56;
	objects = {

/* Begin PBXBuildFile section */
		4A7A261F2D55507900FA7FC3 /* Labex6App.swift in Sources */ = {isa = PBXBuildFile; fileRef = 4A7A261E2D55507900FA7FC3 /* Labex6App.swift */; };
		4A7A26212D55507900FA7FC3 /* ContentView.swift in Sources */ = {isa = PBXBuildFile; fileRef = 4A7A26202D55507900FA7FC3 /* ContentView.swift */; };
		4A7A26232D55507A00FA7FC3 /* Assets.xcassets in Resources */ = {isa = PBXBuildFile; fileRef = 4A7A26222D55507A00FA7FC3 /* Assets.xcassets */; };
		4A7A26262D55507A00FA7FC3 /* Preview Assets.xcassets in Resources */ = {isa = PBXBuildFile; fileRef = 4A7A26252D55507A00FA7FC3 /* Preview Assets.xcassets */; };
		4A7A26302D55507A00FA7FC3 /* Labex6Tests.swift in Sources */ = {isa = PBXBuildFile; fileRef = 4A7A262F2D55507A00FA7FC3 /* Labex6Tests.swift */; };
		4A7A263A2D55507A00FA7FC3 /* Labex6UITests.swift in Sources */ = {isa = PBXBuildFile; fileRef = 4A7A26392D55507A00FA7FC3 /* Labex6UITests.swift */; };
		4A7A263C2D55507A00FA7FC3 /* Labex6UITestsLaunchTests.swift in Sources */ = {isa = PBXBuildFile; fileRef = 4A7A263B2D55507A00FA7FC3 /* Labex6UITestsLaunchTests.swift */; };
/* End PBXBuildFile section */

/* Begin PBXContainerItemProxy section */
		4A7A262C2D55507A00FA7FC3 /* PBXContainerItemProxy */ = {
			isa = PBXContainerItemProxy;
			containerPortal = 4A7A26132D55507800FA7FC3 /* Project object */;
			proxyType = 1;
			remoteGlobalIDString = 4A7A261A2D55507900FA7FC3;
			remoteInfo = Labex6;
		};
		4A7A26362D55507A00FA7FC3 /* PBXContainerItemProxy */ = {
			isa = PBXContainerItemProxy;
			containerPortal = 4A7A26132D55507800FA7FC3 /* Project object */;
			proxyType = 1;
			remoteGlobalIDString = 4A7A261A2D55507900FA7FC3;
			remoteInfo = Labex6;
		};
/* End PBXContainerItemProxy section */

/* Begin PBXFileReference section */
		4A7A261B2D55507900FA7FC3 /* Labex6.app */ = {isa = PBXFileReference; explicitFileType = wrapper.application; includeInIndex = 0; path = Labex6.app; sourceTree = BUILT_PRODUCTS_DIR; };
		4A7A261E2D55507900FA7FC3 /* Labex6App.swift */ = {isa = PBXFileReference; lastKnownFileType = sourcecode.swift; path = Labex6App.swift; sourceTree = "<group>"; };
		4A7A26202D55507900FA7FC3 /* ContentView.swift */ = {isa = PBXFileReference; lastKnownFileType = sourcecode.swift; path = ContentView.swift; sourceTree = "<group>"; };
		4A7A26222D55507A00FA7FC3 /* Assets.xcassets */ = {isa = PBXFileReference; lastKnownFileType = folder.assetcatalog; path = Assets.xcassets; sourceTree = "<group>"; };
		4A7A26252D55507A00FA7FC3 /* Preview Assets.xcassets */ = {isa = PBXFileReference; lastKnownFileType = folder.assetcatalog; path = "Preview Assets.xcassets"; sourceTree = "<group>"; };
		4A7A262B2D55507A00FA7FC3 /* Labex6Tests.xctest */ = {isa = PBXFileReference; explicitFileType = wrapper.cfbundle; includeInIndex = 0; path = Labex6Tests.xctest; sourceTree = BUILT_PRODUCTS_DIR; };
		4A7A262F2D55507A00FA7FC3 /* Labex6Tests.swift */ = {isa = PBXFileReference; lastKnownFileType = sourcecode.swift; path = Labex6Tests.swift; sourceTree = "<group>"; };
		4A7A26352D55507A00FA7FC3 /* Labex6UITests.xctest */ = {isa = PBXFileReference; explicitFileType = wrapper.cfbundle; includeInIndex = 0; path = Labex6UITests.xctest; sourceTree = BUILT_PRODUCTS_DIR; };
		4A7A26392D55507A00FA7FC3 /* Labex6UITests.swift */ = {isa = PBXFileReference; lastKnownFileType = sourcecode.swift; path = Labex6UITests.swift; sourceTree = "<group>"; };
		4A7A263B2D55507A00FA7FC3 /* Labex6UITestsLaunchTests.swift */ = {isa = PBXFileReference; lastKnownFileType = sourcecode.swift; path = Labex6UITestsLaunchTests.swift; sourceTree = "<group>"; };
/* End PBXFileReference section */

/* Begin PBXFrameworksBuildPhase section */
		4A7A26182D55507900FA7FC3 /* Frameworks */ = {
			isa = PBXFrameworksBuildPhase;
			buildActionMask = 2147483647;
			files = (
			);
			runOnlyForDeploymentPostprocessing = 0;
		};
		4A7A26282D55507A00FA7FC3 /* Frameworks */ = {
			isa = PBXFrameworksBuildPhase;
			buildActionMask = 2147483647;
			files = (
			);
			runOnlyForDeploymentPostprocessing = 0;
		};
		4A7A26322D55507A00FA7FC3 /* Frameworks */ = {
			isa = PBXFrameworksBuildPhase;
			buildActionMask = 2147483647;
			files = (
			);
			runOnlyForDeploymentPostprocessing = 0;
		};
/* End PBXFrameworksBuildPhase section */

/* Begin PBXGroup section */
		4A7A26122D55507800FA7FC3 = {
			isa = PBXGroup;
			children = (
				4A7A261D2D55507900FA7FC3 /* Labex6 */,
				4A7A262E2D55507A00FA7FC3 /* Labex6Tests */,
				4A7A262F2D55507A00FA7FC3 /* Labex6Tests.swift */,
				4A7A26382D55507A00FA7FC3 /* Labex6UITests */,
				4A7A261C2D55507900FA7FC3 /* Products */,
			);
			sourceTree = "<group>";
		};
		4A7A261C2D55507900FA7FC3 /* Products */ = {
			isa = PBXGroup;
			children = (
				4A7A261B2D55507900FA7FC3 /* Labex6.app */,
				4A7A262B2D55507A00FA7FC3 /* Labex6Tests.xctest */,
				4A7A26352D55507A00FA7FC3 /* Labex6UITests.xctest */,
			);
			name = Products;
			sourceTree = "<group>";
		};
		4A7A261D2D55507900FA7FC3 /* Labex6 */ = {
			isa = PBXGroup;
			children = (
				4A7A261E2D55507900FA7FC3 /* Labex6App.swift */,
				4A7A26202D55507900FA7FC3 /* ContentView.swift */,
				4A7A26222D55507A00FA7FC3 /* Assets.xcassets */,
				4A7A26242D55507A00FA7FC3 /* Preview Content */,
			);
			path = Labex6;
			sourceTree = "<group>";
		};
		4A7A26242D55507A00FA7FC3 /* Preview Content */ = {
			isa = PBXGroup;
			children = (
				4A7A26252D55507A00FA7FC3 /* Preview Assets.xcassets */,
			);
			path = "Preview Content";
			sourceTree = "<group>";
		};
		4A7A262E2D55507A00FA7FC3 /* Labex6Tests */ = {
			isa = PBXGroup;
			children = (
			);
			path = Labex6Tests;
			sourceTree = "<group>";
		};
		4A7A26382D55507A00FA7FC3 /* Labex6UITests */ = {
			isa = PBXGroup;
			children = (
				4A7A26392D55507A00FA7FC3 /* Labex6UITests.swift */,
				4A7A263B2D55507A00FA7FC3 /* Labex6UITestsLaunchTests.swift */,
			);
			path = Labex6UITests;
			sourceTree = "<group>";
		};
/* End PBXGroup section */

/* Begin PBXNativeTarget section */
		4A7A261A2D55507900FA7FC3 /* Labex6 */ = {
			isa = PBXNativeTarget;
			buildConfigurationList = 4A7A263F2D55507A00FA7FC3 /* Build configuration list for PBXNativeTarget "Labex6" */;
			buildPhases = (
				4A7A26172D55507900FA7FC3 /* Sources */,
				4A7A26182D55507900FA7FC3 /* Frameworks */,
				4A7A26192D55507900FA7FC3 /* Resources */,
			);
			buildRules = (
			);
			dependencies = (
			);
			name = Labex6;
			productName = Labex6;
			productReference = 4A7A261B2D55507900FA7FC3 /* Labex6.app */;
			productType = "com.apple.product-type.application";
		};
		4A7A262A2D55507A00FA7FC3 /* Labex6Tests */ = {
			isa = PBXNativeTarget;
			buildConfigurationList = 4A7A26422D55507A00FA7FC3 /* Build configuration list for PBXNativeTarget "Labex6Tests" */;
			buildPhases = (
				4A7A26272D55507A00FA7FC3 /* Sources */,
				4A7A26282D55507A00FA7FC3 /* Frameworks */,
				4A7A26292D55507A00FA7FC3 /* Resources */,
			);
			buildRules = (
			);
			dependencies = (
				4A7A262D2D55507A00FA7FC3 /* PBXTargetDependency */,
			);
			name = Labex6Tests;
			productName = Labex6Tests;
			productReference = 4A7A262B2D55507A00FA7FC3 /* Labex6Tests.xctest */;
			productType = "com.apple.product-type.bundle.unit-test";
		};
		4A7A26342D55507A00FA7FC3 /* Labex6UITests */ = {
			isa = PBXNativeTarget;
			buildConfigurationList = 4A7A26452D55507A00FA7FC3 /* Build configuration list for PBXNativeTarget "Labex6UITests" */;
			buildPhases = (
				4A7A26312D55507A00FA7FC3 /* Sources */,
				4A7A26322D55507A00FA7FC3 /* Frameworks */,
				4A7A26332D55507A00FA7FC3 /* Resources */,
			);
			buildRules = (
			);
			dependencies = (
				4A7A26372D55507A00FA7FC3 /* PBXTargetDependency */,
			);
			name = Labex6UITests;
			productName = Labex6UITests;
			productReference = 4A7A26352D55507A00FA7FC3 /* Labex6UITests.xctest */;
			productType = "com.apple.product-type.bundle.ui-testing";
		};
/* End PBXNativeTarget section */

/* Begin PBXProject section */
		4A7A26132D55507800FA7FC3 /* Project object */ = {
			isa = PBXProject;
			attributes = {
				BuildIndependentTargetsInParallel = 1;
				LastSwiftUpdateCheck = 1540;
				LastUpgradeCheck = 1540;
				TargetAttributes = {
					4A7A261A2D55507900FA7FC3 = {
						CreatedOnToolsVersion = 15.4;
					};
					4A7A262A2D55507A00FA7FC3 = {
						CreatedOnToolsVersion = 15.4;
						TestTargetID = 4A7A261A2D55507900FA7FC3;
					};
					4A7A26342D55507A00FA7FC3 = {
						CreatedOnToolsVersion = 15.4;
						TestTargetID = 4A7A261A2D55507900FA7FC3;
					};
				};
			};
			buildConfigurationList = 4A7A26162D55507800FA7FC3 /* Build configuration list for PBXProject "Labex6" */;
			compatibilityVersion = "Xcode 14.0";
			developmentRegion = en;
			hasScannedForEncodings = 0;
			knownRegions = (
				en,
				Base,
			);
			mainGroup = 4A7A26122D55507800FA7FC3;
			productRefGroup = 4A7A261C2D55507900FA7FC3 /* Products */;
			projectDirPath = "";
			projectRoot = "";
			targets = (
				4A7A261A2D55507900FA7FC3 /* Labex6 */,
				4A7A262A2D55507A00FA7FC3 /* Labex6Tests */,
				4A7A26342D55507A00FA7FC3 /* Labex6UITests */,
			);
		};
/* End PBXProject section */

/* Begin PBXResourcesBuildPhase section */
		4A7A26192D55507900FA7FC3 /* Resources */ = {
			isa = PBXResourcesBuildPhase;
			buildActionMask = 2147483647;
			files = (
				4A7A26262D55507A00FA7FC3 /* Preview Assets.xcassets in Resources */,
				4A7A26232D55507A00FA7FC3 /* Assets.xcassets in Resources */,
			);
			runOnlyForDeploymentPostprocessing = 0;
		};
		4A7A26292D55507A00FA7FC3 /* Resources */ = {
			isa = PBXResourcesBuildPhase;
			buildActionMask = 2147483647;
			files = (
			);
			runOnlyForDeploymentPostprocessing = 0;
		};
		4A7A26332D55507A00FA7FC3 /* Resources */ = {
			isa = PBXResourcesBuildPhase;
			buildActionMask = 2147483647;
			files = (
			);
			runOnlyForDeploymentPostprocessing = 0;
		};
/* End PBXResourcesBuildPhase section */

/* Begin PBXSourcesBuildPhase section */
		4A7A26172D55507900FA7FC3 /* Sources */ = {
			isa = PBXSourcesBuildPhase;
			buildActionMask = 2147483647;
			files = (
				4A7A26212D55507900FA7FC3 /* ContentView.swift in Sources */,
				4A7A261F2D55507900FA7FC3 /* Labex6App.swift in Sources */,
			);
			runOnlyForDeploymentPostprocessing = 0;
		};
		4A7A26272D55507A00FA7FC3 /* Sources */ = {
			isa = PBXSourcesBuildPhase;
			buildActionMask = 2147483647;
			files = (
				4A7A26302D55507A00FA7FC3 /* Labex6Tests.swift in Sources */,
			);
			runOnlyForDeploymentPostprocessing = 0;
		};
		4A7A26312D55507A00FA7FC3 /* Sources */ = {
			isa = PBXSourcesBuildPhase;
			buildActionMask = 2147483647;
			files = (
				4A7A263C2D55507A00FA7FC3 /* Labex6UITestsLaunchTests.swift in Sources */,
				4A7A263A2D55507A00FA7FC3 /* Labex6UITests.swift in Sources */,
			);
			runOnlyForDeploymentPostprocessing = 0;
		};
/* End PBXSourcesBuildPhase section */

/* Begin PBXTargetDependency section */
		4A7A262D2D55507A00FA7FC3 /* PBXTargetDependency */ = {
			isa = PBXTargetDependency;
			target = 4A7A261A2D55507900FA7FC3 /* Labex6 */;
			targetProxy = 4A7A262C2D55507A00FA7FC3 /* PBXContainerItemProxy */;
		};
		4A7A26372D55507A00FA7FC3 /* PBXTargetDependency */ = {
			isa = PBXTargetDependency;
			target = 4A7A261A2D55507900FA7FC3 /* Labex6 */;
			targetProxy = 4A7A26362D55507A00FA7FC3 /* PBXContainerItemProxy */;
		};
/* End PBXTargetDependency section */

/* Begin XCBuildConfiguration section */
		4A7A263D2D55507A00FA7FC3 /* Debug */ = {
			isa = XCBuildConfiguration;
			buildSettings = {
				ALWAYS_SEARCH_USER_PATHS = NO;
				ASSETCATALOG_COMPILER_GENERATE_SWIFT_ASSET_SYMBOL_EXTENSIONS = YES;
				CLANG_ANALYZER_NONNULL = YES;
				CLANG_ANALYZER_NUMBER_OBJECT_CONVERSION = YES_AGGRESSIVE;
				CLANG_CXX_LANGUAGE_STANDARD = "gnu++20";
				CLANG_ENABLE_MODULES = YES;
				CLANG_ENABLE_OBJC_ARC = YES;
				CLANG_ENABLE_OBJC_WEAK = YES;
				CLANG_WARN_BLOCK_CAPTURE_AUTORELEASING = YES;
				CLANG_WARN_BOOL_CONVERSION = YES;
				CLANG_WARN_COMMA = YES;
				CLANG_WARN_CONSTANT_CONVERSION = YES;
				CLANG_WARN_DEPRECATED_OBJC_IMPLEMENTATIONS = YES;
				CLANG_WARN_DIRECT_OBJC_ISA_USAGE = YES_ERROR;
				CLANG_WARN_DOCUMENTATION_COMMENTS = YES;
				CLANG_WARN_EMPTY_BODY = YES;
				CLANG_WARN_ENUM_CONVERSION = YES;
				CLANG_WARN_INFINITE_RECURSION = YES;
				CLANG_WARN_INT_CONVERSION = YES;
				CLANG_WARN_NON_LITERAL_NULL_CONVERSION = YES;
				CLANG_WARN_OBJC_IMPLICIT_RETAIN_SELF = YES;
				CLANG_WARN_OBJC_LITERAL_CONVERSION = YES;
				CLANG_WARN_OBJC_ROOT_CLASS = YES_ERROR;
				CLANG_WARN_QUOTED_INCLUDE_IN_FRAMEWORK_HEADER = YES;
				CLANG_WARN_RANGE_LOOP_ANALYSIS = YES;
				CLANG_WARN_STRICT_PROTOTYPES = YES;
				CLANG_WARN_SUSPICIOUS_MOVE = YES;
				CLANG_WARN_UNGUARDED_AVAILABILITY = YES_AGGRESSIVE;
				CLANG_WARN_UNREACHABLE_CODE = YES;
				CLANG_WARN__DUPLICATE_METHOD_MATCH = YES;
				COPY_PHASE_STRIP = NO;
				DEBUG_INFORMATION_FORMAT = dwarf;
				ENABLE_STRICT_OBJC_MSGSEND = YES;
				ENABLE_TESTABILITY = YES;
				ENABLE_USER_SCRIPT_SANDBOXING = YES;
				GCC_C_LANGUAGE_STANDARD = gnu17;
				GCC_DYNAMIC_NO_PIC = NO;
				GCC_NO_COMMON_BLOCKS = YES;
				GCC_OPTIMIZATION_LEVEL = 0;
				GCC_PREPROCESSOR_DEFINITIONS = (
					"DEBUG=1",
					"$(inherited)",
				);
				GCC_WARN_64_TO_32_BIT_CONVERSION = YES;
				GCC_WARN_ABOUT_RETURN_TYPE = YES_ERROR;
				GCC_WARN_UNDECLARED_SELECTOR = YES;
				GCC_WARN_UNINITIALIZED_AUTOS = YES_AGGRESSIVE;
				GCC_WARN_UNUSED_FUNCTION = YES;
				GCC_WARN_UNUSED_VARIABLE = YES;
				IPHONEOS_DEPLOYMENT_TARGET = 17.5;
				LOCALIZATION_PREFERS_STRING_CATALOGS = YES;
				MTL_ENABLE_DEBUG_INFO = INCLUDE_SOURCE;
				MTL_FAST_MATH = YES;
				ONLY_ACTIVE_ARCH = YES;
				SDKROOT = iphoneos;
				SWIFT_ACTIVE_COMPILATION_CONDITIONS = "DEBUG $(inherited)";
				SWIFT_OPTIMIZATION_LEVEL = "-Onone";
			};
			name = Debug;
		};
		4A7A263E2D55507A00FA7FC3 /* Release */ = {
			isa = XCBuildConfiguration;
			buildSettings = {
				ALWAYS_SEARCH_USER_PATHS = NO;
				ASSETCATALOG_COMPILER_GENERATE_SWIFT_ASSET_SYMBOL_EXTENSIONS = YES;
				CLANG_ANALYZER_NONNULL = YES;
				CLANG_ANALYZER_NUMBER_OBJECT_CONVERSION = YES_AGGRESSIVE;
				CLANG_CXX_LANGUAGE_STANDARD = "gnu++20";
				CLANG_ENABLE_MODULES = YES;
				CLANG_ENABLE_OBJC_ARC = YES;
				CLANG_ENABLE_OBJC_WEAK = YES;
				CLANG_WARN_BLOCK_CAPTURE_AUTORELEASING = YES;
				CLANG_WARN_BOOL_CONVERSION = YES;
				CLANG_WARN_COMMA = YES;
				CLANG_WARN_CONSTANT_CONVERSION = YES;
				CLANG_WARN_DEPRECATED_OBJC_IMPLEMENTATIONS = YES;
				CLANG_WARN_DIRECT_OBJC_ISA_USAGE = YES_ERROR;
				CLANG_WARN_DOCUMENTATION_COMMENTS = YES;
				CLANG_WARN_EMPTY_BODY = YES;
				CLANG_WARN_ENUM_CONVERSION = YES;
				CLANG_WARN_INFINITE_RECURSION = YES;
				CLANG_WARN_INT_CONVERSION = YES;
				CLANG_WARN_NON_LITERAL_NULL_CONVERSION = YES;
				CLANG_WARN_OBJC_IMPLICIT_RETAIN_SELF = YES;
				CLANG_WARN_OBJC_LITERAL_CONVERSION = YES;
				CLANG_WARN_OBJC_ROOT_CLASS = YES_ERROR;
				CLANG_WARN_QUOTED_INCLUDE_IN_FRAMEWORK_HEADER = YES;
				CLANG_WARN_RANGE_LOOP_ANALYSIS = YES;
				CLANG_WARN_STRICT_PROTOTYPES = YES;
				CLANG_WARN_SUSPICIOUS_MOVE = YES;
				CLANG_WARN_UNGUARDED_AVAILABILITY = YES_AGGRESSIVE;
				CLANG_WARN_UNREACHABLE_CODE = YES;
				CLANG_WARN__DUPLICATE_METHOD_MATCH = YES;
				COPY_PHASE_STRIP = NO;
				DEBUG_INFORMATION_FORMAT = "dwarf-with-dsym";
				ENABLE_NS_ASSERTIONS = NO;
				ENABLE_STRICT_OBJC_MSGSEND = YES;
				ENABLE_USER_SCRIPT_SANDBOXING = YES;
				GCC_C_LANGUAGE_STANDARD = gnu17;
				GCC_NO_COMMON_BLOCKS = YES;
				GCC_WARN_64_TO_32_BIT_CONVERSION = YES;
				GCC_WARN_ABOUT_RETURN_TYPE = YES_ERROR;
				GCC_WARN_UNDECLARED_SELECTOR = YES;
				GCC_WARN_UNINITIALIZED_AUTOS = YES_AGGRESSIVE;
				GCC_WARN_UNUSED_FUNCTION = YES;
				GCC_WARN_UNUSED_VARIABLE = YES;
				IPHONEOS_DEPLOYMENT_TARGET = 17.5;
				LOCALIZATION_PREFERS_STRING_CATALOGS = YES;
				MTL_ENABLE_DEBUG_INFO = NO;
				MTL_FAST_MATH = YES;
				SDKROOT = iphoneos;
				SWIFT_COMPILATION_MODE = wholemodule;
				VALIDATE_PRODUCT = YES;
			};
			name = Release;
		};
		4A7A26402D55507A00FA7FC3 /* Debug */ = {
			isa = XCBuildConfiguration;
			buildSettings = {
				ASSETCATALOG_COMPILER_APPICON_NAME = AppIcon;
				ASSETCATALOG_COMPILER_GLOBAL_ACCENT_COLOR_NAME = AccentColor;
				CODE_SIGN_STYLE = Automatic;
				CURRENT_PROJECT_VERSION = 1;
				DEVELOPMENT_ASSET_PATHS = "\"Labex6/Preview Content\"";
				ENABLE_PREVIEWS = YES;
				GENERATE_INFOPLIST_FILE = YES;
				INFOPLIST_KEY_UIApplicationSceneManifest_Generation = YES;
				INFOPLIST_KEY_UIApplicationSupportsIndirectInputEvents = YES;
				INFOPLIST_KEY_UILaunchScreen_Generation = YES;
				INFOPLIST_KEY_UISupportedInterfaceOrientations_iPad = "UIInterfaceOrientationPortrait UIInterfaceOrientationPortraitUpsideDown UIInterfaceOrientationLandscapeLeft UIInterfaceOrientationLandscapeRight";
				INFOPLIST_KEY_UISupportedInterfaceOrientations_iPhone = "UIInterfaceOrientationPortrait UIInterfaceOrientationLandscapeLeft UIInterfaceOrientationLandscapeRight";
				LD_RUNPATH_SEARCH_PATHS = (
					"$(inherited)",
					"@executable_path/Frameworks",
				);
				MARKETING_VERSION = 1.0;
				PRODUCT_BUNDLE_IDENTIFIER = gbc.Labex6;
				PRODUCT_NAME = "$(TARGET_NAME)";
				SWIFT_EMIT_LOC_STRINGS = YES;
				SWIFT_VERSION = 5.0;
				TARGETED_DEVICE_FAMILY = "1,2";
			};
			name = Debug;
		};
		4A7A26412D55507A00FA7FC3 /* Release */ = {
			isa = XCBuildConfiguration;
			buildSettings = {
				ASSETCATALOG_COMPILER_APPICON_NAME = AppIcon;
				ASSETCATALOG_COMPILER_GLOBAL_ACCENT_COLOR_NAME = AccentColor;
				CODE_SIGN_STYLE = Automatic;
				CURRENT_PROJECT_VERSION = 1;
				DEVELOPMENT_ASSET_PATHS = "\"Labex6/Preview Content\"";
				ENABLE_PREVIEWS = YES;
				GENERATE_INFOPLIST_FILE = YES;
				INFOPLIST_KEY_UIApplicationSceneManifest_Generation = YES;
				INFOPLIST_KEY_UIApplicationSupportsIndirectInputEvents = YES;
				INFOPLIST_KEY_UILaunchScreen_Generation = YES;
				INFOPLIST_KEY_UISupportedInterfaceOrientations_iPad = "UIInterfaceOrientationPortrait UIInterfaceOrientationPortraitUpsideDown UIInterfaceOrientationLandscapeLeft UIInterfaceOrientationLandscapeRight";
				INFOPLIST_KEY_UISupportedInterfaceOrientations_iPhone = "UIInterfaceOrientationPortrait UIInterfaceOrientationLandscapeLeft UIInterfaceOrientationLandscapeRight";
				LD_RUNPATH_SEARCH_PATHS = (
					"$(inherited)",
					"@executable_path/Frameworks",
				);
				MARKETING_VERSION = 1.0;
				PRODUCT_BUNDLE_IDENTIFIER = gbc.Labex6;
				PRODUCT_NAME = "$(TARGET_NAME)";
				SWIFT_EMIT_LOC_STRINGS = YES;
				SWIFT_VERSION = 5.0;
				TARGETED_DEVICE_FAMILY = "1,2";
			};
			name = Release;
		};
		4A7A26432D55507A00FA7FC3 /* Debug */ = {
			isa = XCBuildConfiguration;
			buildSettings = {
				ALWAYS_EMBED_SWIFT_STANDARD_LIBRARIES = YES;
				BUNDLE_LOADER = "$(TEST_HOST)";
				CODE_SIGN_STYLE = Automatic;
				CURRENT_PROJECT_VERSION = 1;
				GENERATE_INFOPLIST_FILE = YES;
				IPHONEOS_DEPLOYMENT_TARGET = 17.5;
				MARKETING_VERSION = 1.0;
				PRODUCT_BUNDLE_IDENTIFIER = gbc.Labex6Tests;
				PRODUCT_NAME = "$(TARGET_NAME)";
				SWIFT_EMIT_LOC_STRINGS = NO;
				SWIFT_VERSION = 5.0;
				TARGETED_DEVICE_FAMILY = "1,2";
				TEST_HOST = "$(BUILT_PRODUCTS_DIR)/Labex6.app/$(BUNDLE_EXECUTABLE_FOLDER_PATH)/Labex6";
			};
			name = Debug;
		};
		4A7A26442D55507A00FA7FC3 /* Release */ = {
			isa = XCBuildConfiguration;
			buildSettings = {
				ALWAYS_EMBED_SWIFT_STANDARD_LIBRARIES = YES;
				BUNDLE_LOADER = "$(TEST_HOST)";
				CODE_SIGN_STYLE = Automatic;
				CURRENT_PROJECT_VERSION = 1;
				GENERATE_INFOPLIST_FILE = YES;
				IPHONEOS_DEPLOYMENT_TARGET = 17.5;
				MARKETING_VERSION = 1.0;
				PRODUCT_BUNDLE_IDENTIFIER = gbc.Labex6Tests;
				PRODUCT_NAME = "$(TARGET_NAME)";
				SWIFT_EMIT_LOC_STRINGS = NO;
				SWIFT_VERSION = 5.0;
				TARGETED_DEVICE_FAMILY = "1,2";
				TEST_HOST = "$(BUILT_PRODUCTS_DIR)/Labex6.app/$(BUNDLE_EXECUTABLE_FOLDER_PATH)/Labex6";
			};
			name = Release;
		};
		4A7A26462D55507A00FA7FC3 /* Debug */ = {
			isa = XCBuildConfiguration;
			buildSettings = {
				ALWAYS_EMBED_SWIFT_STANDARD_LIBRARIES = YES;
				CODE_SIGN_STYLE = Automatic;
				CURRENT_PROJECT_VERSION = 1;
				GENERATE_INFOPLIST_FILE = YES;
				MARKETING_VERSION = 1.0;
				PRODUCT_BUNDLE_IDENTIFIER = gbc.Labex6UITests;
				PRODUCT_NAME = "$(TARGET_NAME)";
				SWIFT_EMIT_LOC_STRINGS = NO;
				SWIFT_VERSION = 5.0;
				TARGETED_DEVICE_FAMILY = "1,2";
				TEST_TARGET_NAME = Labex6;
			};
			name = Debug;
		};
		4A7A26472D55507A00FA7FC3 /* Release */ = {
			isa = XCBuildConfiguration;
			buildSettings = {
				ALWAYS_EMBED_SWIFT_STANDARD_LIBRARIES = YES;
				CODE_SIGN_STYLE = Automatic;
				CURRENT_PROJECT_VERSION = 1;
				GENERATE_INFOPLIST_FILE = YES;
				MARKETING_VERSION = 1.0;
				PRODUCT_BUNDLE_IDENTIFIER = gbc.Labex6UITests;
				PRODUCT_NAME = "$(TARGET_NAME)";
				SWIFT_EMIT_LOC_STRINGS = NO;
				SWIFT_VERSION = 5.0;
				TARGETED_DEVICE_FAMILY = "1,2";
				TEST_TARGET_NAME = Labex6;
			};
			name = Release;
		};
/* End XCBuildConfiguration section */

/* Begin XCConfigurationList section */
		4A7A26162D55507800FA7FC3 /* Build configuration list for PBXProject "Labex6" */ = {
			isa = XCConfigurationList;
			buildConfigurations = (
				4A7A263D2D55507A00FA7FC3 /* Debug */,
				4A7A263E2D55507A00FA7FC3 /* Release */,
			);
			defaultConfigurationIsVisible = 0;
			defaultConfigurationName = Release;
		};
		4A7A263F2D55507A00FA7FC3 /* Build configuration list for PBXNativeTarget "Labex6" */ = {
			isa = XCConfigurationList;
			buildConfigurations = (
				4A7A26402D55507A00FA7FC3 /* Debug */,
				4A7A26412D55507A00FA7FC3 /* Release */,
			);
			defaultConfigurationIsVisible = 0;
			defaultConfigurationName = Release;
		};
		4A7A26422D55507A00FA7FC3 /* Build configuration list for PBXNativeTarget "Labex6Tests" */ = {
			isa = XCConfigurationList;
			buildConfigurations = (
				4A7A26432D55507A00FA7FC3 /* Debug */,
				4A7A26442D55507A00FA7FC3 /* Release */,
			);
			defaultConfigurationIsVisible = 0;
			defaultConfigurationName = Release;
		};
		4A7A26452D55507A00FA7FC3 /* Build configuration list for PBXNativeTarget "Labex6UITests" */ = {
			isa = XCConfigurationList;
			buildConfigurations = (
				4A7A26462D55507A00FA7FC3 /* Debug */,
				4A7A26472D55507A00FA7FC3 /* Release */,
			);
			defaultConfigurationIsVisible = 0;
			defaultConfigurationName = Release;
		};
/* End XCConfigurationList section */
	};
	rootObject = 4A7A26132D55507800FA7FC3 /* Project object */;
}
